
Microsoft Visual Studio Solution File, Format Version 12.00
# Visual Studio Version 17
VisualStudioVersion = 17.12.35323.107
MinimumVisualStudioVersion = 10.0.40219.1
Project("{FAE04EC0-301F-11D3-BF4B-00C04F79EFBC}") = "23DH114114_MyStore1", "23DH114114_MyStore1\23DH114114_MyStore1.csproj", "{3CE23CC9-5B37-40F0-95BF-D7DD6946E7E8}"
EndProject
Global
	GlobalSection(SolutionConfigurationPlatforms) = preSolution
		Debug|Any CPU = Debug|Any CPU
		Release|Any CPU = Release|Any CPU
	EndGlobalSection
	GlobalSection(ProjectConfigurationPlatforms) = postSolution
		{3CE23CC9-5B37-40F0-95BF-D7DD6946E7E8}.Debug|Any CPU.ActiveCfg = Debug|Any CPU
		{3CE23CC9-5B37-40F0-95BF-D7DD6946E7E8}.Debug|Any CPU.Build.0 = Debug|Any CPU
		{3CE23CC9-5B37-40F0-95BF-D7DD6946E7E8}.Release|Any CPU.ActiveCfg = Release|Any CPU
		{3CE23CC9-5B37-40F0-95BF-D7DD6946E7E8}.Release|Any CPU.Build.0 = Release|Any CPU
	EndGlobalSection
	GlobalSection(SolutionProperties) = preSolution
		HideSolutionNode = FALSE
	EndGlobalSection
	GlobalSection(ExtensibilityGlobals) = postSolution
		SolutionGuid = {2455D4DB-F627-4443-BF0F-69C6D300566E}
	EndGlobalSection
EndGlobal
